// !$*UTF8*$!
{
	archiveVersion = 1;
	classes = {
	};
	objectVersion = 56;
	objects = {

/* Begin PBXBuildFile section */
		A1A540DA28EE58BF00369AFD /* AppDelegate.swift in Sources */ = {isa = PBXBuildFile; fileRef = A1A540D928EE58BF00369AFD /* AppDelegate.swift */; };
		A1A540DC28EE58BF00369AFD /* SceneDelegate.swift in Sources */ = {isa = PBXBuildFile; fileRef = A1A540DB28EE58BF00369AFD /* SceneDelegate.swift */; };
		A1A540E128EE58BF00369AFD /* Main.storyboard in Resources */ = {isa = PBXBuildFile; fileRef = A1A540DF28EE58BF00369AFD /* Main.storyboard */; };
		A1A540E328EE58C000369AFD /* Assets.xcassets in Resources */ = {isa = PBXBuildFile; fileRef = A1A540E228EE58C000369AFD /* Assets.xcassets */; };
		A1A540E628EE58C000369AFD /* LaunchScreen.storyboard in Resources */ = {isa = PBXBuildFile; fileRef = A1A540E428EE58C000369AFD /* LaunchScreen.storyboard */; };
		A1A540F028EF25D300369AFD /* Categories.swift in Sources */ = {isa = PBXBuildFile; fileRef = A1A540EF28EF25D300369AFD /* Categories.swift */; };
		A1A540F228EF2C9100369AFD /* Meal.swift in Sources */ = {isa = PBXBuildFile; fileRef = A1A540F128EF2C9100369AFD /* Meal.swift */; };
		A1A540F528EF32A800369AFD /* MealDetail.swift in Sources */ = {isa = PBXBuildFile; fileRef = A1A540F428EF32A800369AFD /* MealDetail.swift */; };
		A1A540FF28EF424200369AFD /* NetworkingController.swift in Sources */ = {isa = PBXBuildFile; fileRef = A1A540FE28EF424200369AFD /* NetworkingController.swift */; };
		A1A5410428EF789000369AFD /* CategoriesListTableViewController.swift in Sources */ = {isa = PBXBuildFile; fileRef = A1A5410328EF789000369AFD /* CategoriesListTableViewController.swift */; };
		A1A5410628EF78A800369AFD /* MealListTableViewController.swift in Sources */ = {isa = PBXBuildFile; fileRef = A1A5410528EF78A800369AFD /* MealListTableViewController.swift */; };
		A1A5410828EF78E500369AFD /* MealDetailViewController.swift in Sources */ = {isa = PBXBuildFile; fileRef = A1A5410728EF78E500369AFD /* MealDetailViewController.swift */; };
		A1A5410B28F0C20100369AFD /* UIImageViewExtension.swift in Sources */ = {isa = PBXBuildFile; fileRef = A1A5410A28F0C20100369AFD /* UIImageViewExtension.swift */; };
/* End PBXBuildFile section */

/* Begin PBXFileReference section */
		A1A540D628EE58BF00369AFD /* RecipesDB.app */ = {isa = PBXFileReference; explicitFileType = wrapper.application; includeInIndex = 0; path = RecipesDB.app; sourceTree = BUILT_PRODUCTS_DIR; };
		A1A540D928EE58BF00369AFD /* AppDelegate.swift */ = {isa = PBXFileReference; lastKnownFileType = sourcecode.swift; path = AppDelegate.swift; sourceTree = "<group>"; };
		A1A540DB28EE58BF00369AFD /* SceneDelegate.swift */ = {isa = PBXFileReference; lastKnownFileType = sourcecode.swift; path = SceneDelegate.swift; sourceTree = "<group>"; };
		A1A540E028EE58BF00369AFD /* Base */ = {isa = PBXFileReference; lastKnownFileType = file.storyboard; name = Base; path = Base.lproj/Main.storyboard; sourceTree = "<group>"; };
		A1A540E228EE58C000369AFD /* Assets.xcassets */ = {isa = PBXFileReference; lastKnownFileType = folder.assetcatalog; path = Assets.xcassets; sourceTree = "<group>"; };
		A1A540E528EE58C000369AFD /* Base */ = {isa = PBXFileReference; lastKnownFileType = file.storyboard; name = Base; path = Base.lproj/LaunchScreen.storyboard; sourceTree = "<group>"; };
		A1A540E728EE58C000369AFD /* Info.plist */ = {isa = PBXFileReference; lastKnownFileType = text.plist.xml; path = Info.plist; sourceTree = "<group>"; };
		A1A540EF28EF25D300369AFD /* Categories.swift */ = {isa = PBXFileReference; lastKnownFileType = sourcecode.swift; path = Categories.swift; sourceTree = "<group>"; };
		A1A540F128EF2C9100369AFD /* Meal.swift */ = {isa = PBXFileReference; lastKnownFileType = sourcecode.swift; path = Meal.swift; sourceTree = "<group>"; };
		A1A540F428EF32A800369AFD /* MealDetail.swift */ = {isa = PBXFileReference; lastKnownFileType = sourcecode.swift; path = MealDetail.swift; sourceTree = "<group>"; };
		A1A540FE28EF424200369AFD /* NetworkingController.swift */ = {isa = PBXFileReference; lastKnownFileType = sourcecode.swift; path = NetworkingController.swift; sourceTree = "<group>"; };
		A1A5410328EF789000369AFD /* CategoriesListTableViewController.swift */ = {isa = PBXFileReference; lastKnownFileType = sourcecode.swift; path = CategoriesListTableViewController.swift; sourceTree = "<group>"; };
		A1A5410528EF78A800369AFD /* MealListTableViewController.swift */ = {isa = PBXFileReference; lastKnownFileType = sourcecode.swift; path = MealListTableViewController.swift; sourceTree = "<group>"; };
		A1A5410728EF78E500369AFD /* MealDetailViewController.swift */ = {isa = PBXFileReference; lastKnownFileType = sourcecode.swift; path = MealDetailViewController.swift; sourceTree = "<group>"; };
		A1A5410A28F0C20100369AFD /* UIImageViewExtension.swift */ = {isa = PBXFileReference; lastKnownFileType = sourcecode.swift; path = UIImageViewExtension.swift; sourceTree = "<group>"; };
/* End PBXFileReference section */

/* Begin PBXFrameworksBuildPhase section */
		A1A540D328EE58BF00369AFD /* Frameworks */ = {
			isa = PBXFrameworksBuildPhase;
			buildActionMask = 2147483647;
			files = (
			);
			runOnlyForDeploymentPostprocessing = 0;
		};
/* End PBXFrameworksBuildPhase section */

/* Begin PBXGroup section */
		A1A540CD28EE58BF00369AFD = {
			isa = PBXGroup;
			children = (
				A1A540D828EE58BF00369AFD /* RecipesDB */,
				A1A540D728EE58BF00369AFD /* Products */,
			);
			sourceTree = "<group>";
		};
		A1A540D728EE58BF00369AFD /* Products */ = {
			isa = PBXGroup;
			children = (
				A1A540D628EE58BF00369AFD /* RecipesDB.app */,
			);
			name = Products;
			sourceTree = "<group>";
		};
		A1A540D828EE58BF00369AFD /* RecipesDB */ = {
			isa = PBXGroup;
			children = (
				A1A540ED28EF257E00369AFD /* Resources */,
				A1A540EE28EF258C00369AFD /* Storyboard */,
				A1A540F328EF2FE700369AFD /* Models */,
				A1A540FC28EF3F6500369AFD /* Controllers */,
			);
			path = RecipesDB;
			sourceTree = "<group>";
		};
		A1A540ED28EF257E00369AFD /* Resources */ = {
			isa = PBXGroup;
			children = (
				A1A540D928EE58BF00369AFD /* AppDelegate.swift */,
				A1A540DB28EE58BF00369AFD /* SceneDelegate.swift */,
				A1A540E228EE58C000369AFD /* Assets.xcassets */,
				A1A540E728EE58C000369AFD /* Info.plist */,
			);
			path = Resources;
			sourceTree = "<group>";
		};
		A1A540EE28EF258C00369AFD /* Storyboard */ = {
			isa = PBXGroup;
			children = (
				A1A540DF28EE58BF00369AFD /* Main.storyboard */,
				A1A540E428EE58C000369AFD /* LaunchScreen.storyboard */,
			);
			path = Storyboard;
			sourceTree = "<group>";
		};
		A1A540F328EF2FE700369AFD /* Models */ = {
			isa = PBXGroup;
			children = (
				A1A540EF28EF25D300369AFD /* Categories.swift */,
				A1A540F128EF2C9100369AFD /* Meal.swift */,
				A1A540F428EF32A800369AFD /* MealDetail.swift */,
			);
			path = Models;
			sourceTree = "<group>";
		};
		A1A540FC28EF3F6500369AFD /* Controllers */ = {
			isa = PBXGroup;
			children = (
				A1A540FD28EF3F7700369AFD /* Model Controller */,
				A1A5410928EF78EC00369AFD /* View Controller */,
			);
			path = Controllers;
			sourceTree = "<group>";
		};
		A1A540FD28EF3F7700369AFD /* Model Controller */ = {
			isa = PBXGroup;
			children = (
				A1A540FE28EF424200369AFD /* NetworkingController.swift */,
				A1A5410A28F0C20100369AFD /* UIImageViewExtension.swift */,
			);
			path = "Model Controller";
			sourceTree = "<group>";
		};
		A1A5410928EF78EC00369AFD /* View Controller */ = {
			isa = PBXGroup;
			children = (
				A1A5410328EF789000369AFD /* CategoriesListTableViewController.swift */,
				A1A5410528EF78A800369AFD /* MealListTableViewController.swift */,
				A1A5410728EF78E500369AFD /* MealDetailViewController.swift */,
			);
			path = "View Controller";
			sourceTree = "<group>";
		};
/* End PBXGroup section */

/* Begin PBXNativeTarget section */
		A1A540D528EE58BF00369AFD /* RecipesDB */ = {
			isa = PBXNativeTarget;
			buildConfigurationList = A1A540EA28EE58C000369AFD /* Build configuration list for PBXNativeTarget "RecipesDB" */;
			buildPhases = (
				A1A540D228EE58BF00369AFD /* Sources */,
				A1A540D328EE58BF00369AFD /* Frameworks */,
				A1A540D428EE58BF00369AFD /* Resources */,
			);
			buildRules = (
			);
			dependencies = (
			);
			name = RecipesDB;
			productName = RecipesDB;
			productReference = A1A540D628EE58BF00369AFD /* RecipesDB.app */;
			productType = "com.apple.product-type.application";
		};
/* End PBXNativeTarget section */

/* Begin PBXProject section */
		A1A540CE28EE58BF00369AFD /* Project object */ = {
			isa = PBXProject;
			attributes = {
				BuildIndependentTargetsInParallel = 1;
				LastSwiftUpdateCheck = 1400;
				LastUpgradeCheck = 1400;
				TargetAttributes = {
					A1A540D528EE58BF00369AFD = {
						CreatedOnToolsVersion = 14.0.1;
					};
				};
			};
			buildConfigurationList = A1A540D128EE58BF00369AFD /* Build configuration list for PBXProject "RecipesDB" */;
			compatibilityVersion = "Xcode 14.0";
			developmentRegion = en;
			hasScannedForEncodings = 0;
			knownRegions = (
				en,
				Base,
			);
			mainGroup = A1A540CD28EE58BF00369AFD;
			productRefGroup = A1A540D728EE58BF00369AFD /* Products */;
			projectDirPath = "";
			projectRoot = "";
			targets = (
				A1A540D528EE58BF00369AFD /* RecipesDB */,
			);
		};
/* End PBXProject section */

/* Begin PBXResourcesBuildPhase section */
		A1A540D428EE58BF00369AFD /* Resources */ = {
			isa = PBXResourcesBuildPhase;
			buildActionMask = 2147483647;
			files = (
				A1A540E628EE58C000369AFD /* LaunchScreen.storyboard in Resources */,
				A1A540E328EE58C000369AFD /* Assets.xcassets in Resources */,
				A1A540E128EE58BF00369AFD /* Main.storyboard in Resources */,
			);
			runOnlyForDeploymentPostprocessing = 0;
		};
/* End PBXResourcesBuildPhase section */

/* Begin PBXSourcesBuildPhase section */
		A1A540D228EE58BF00369AFD /* Sources */ = {
			isa = PBXSourcesBuildPhase;
			buildActionMask = 2147483647;
			files = (
				A1A540FF28EF424200369AFD /* NetworkingController.swift in Sources */,
				A1A540F028EF25D300369AFD /* Categories.swift in Sources */,
				A1A5410828EF78E500369AFD /* MealDetailViewController.swift in Sources */,
				A1A5410628EF78A800369AFD /* MealListTableViewController.swift in Sources */,
				A1A540F528EF32A800369AFD /* MealDetail.swift in Sources */,
				A1A540DA28EE58BF00369AFD /* AppDelegate.swift in Sources */,
				A1A5410B28F0C20100369AFD /* UIImageViewExtension.swift in Sources */,
				A1A5410428EF789000369AFD /* CategoriesListTableViewController.swift in Sources */,
				A1A540DC28EE58BF00369AFD /* SceneDelegate.swift in Sources */,
				A1A540F228EF2C9100369AFD /* Meal.swift in Sources */,
			);
			runOnlyForDeploymentPostprocessing = 0;
		};
/* End PBXSourcesBuildPhase section */

/* Begin PBXVariantGroup section */
		A1A540DF28EE58BF00369AFD /* Main.storyboard */ = {
			isa = PBXVariantGroup;
			children = (
				A1A540E028EE58BF00369AFD /* Base */,
			);
			name = Main.storyboard;
			sourceTree = "<group>";
		};
		A1A540E428EE58C000369AFD /* LaunchScreen.storyboard */ = {
			isa = PBXVariantGroup;
			children = (
				A1A540E528EE58C000369AFD /* Base */,
			);
			name = LaunchScreen.storyboard;
			sourceTree = "<group>";
		};
/* End PBXVariantGroup section */

/* Begin XCBuildConfiguration section */
		A1A540E828EE58C000369AFD /* Debug */ = {
			isa = XCBuildConfiguration;
			buildSettings = {
				ALWAYS_SEARCH_USER_PATHS = NO;
				CLANG_ANALYZER_NONNULL = YES;
				CLANG_ANALYZER_NUMBER_OBJECT_CONVERSION = YES_AGGRESSIVE;
				CLANG_CXX_LANGUAGE_STANDARD = "gnu++20";
				CLANG_ENABLE_MODULES = YES;
				CLANG_ENABLE_OBJC_ARC = YES;
				CLANG_ENABLE_OBJC_WEAK = YES;
				CLANG_WARN_BLOCK_CAPTURE_AUTORELEASING = YES;
				CLANG_WARN_BOOL_CONVERSION = YES;
				CLANG_WARN_COMMA = YES;
				CLANG_WARN_CONSTANT_CONVERSION = YES;
				CLANG_WARN_DEPRECATED_OBJC_IMPLEMENTATIONS = YES;
				CLANG_WARN_DIRECT_OBJC_ISA_USAGE = YES_ERROR;
				CLANG_WARN_DOCUMENTATION_COMMENTS = YES;
				CLANG_WARN_EMPTY_BODY = YES;
				CLANG_WARN_ENUM_CONVERSION = YES;
				CLANG_WARN_INFINITE_RECURSION = YES;
				CLANG_WARN_INT_CONVERSION = YES;
				CLANG_WARN_NON_LITERAL_NULL_CONVERSION = YES;
				CLANG_WARN_OBJC_IMPLICIT_RETAIN_SELF = YES;
				CLANG_WARN_OBJC_LITERAL_CONVERSION = YES;
				CLANG_WARN_OBJC_ROOT_CLASS = YES_ERROR;
				CLANG_WARN_QUOTED_INCLUDE_IN_FRAMEWORK_HEADER = YES;
				CLANG_WARN_RANGE_LOOP_ANALYSIS = YES;
				CLANG_WARN_STRICT_PROTOTYPES = YES;
				CLANG_WARN_SUSPICIOUS_MOVE = YES;
				CLANG_WARN_UNGUARDED_AVAILABILITY = YES_AGGRESSIVE;
				CLANG_WARN_UNREACHABLE_CODE = YES;
				CLANG_WARN__DUPLICATE_METHOD_MATCH = YES;
				COPY_PHASE_STRIP = NO;
				DEBUG_INFORMATION_FORMAT = dwarf;
				ENABLE_STRICT_OBJC_MSGSEND = YES;
				ENABLE_TESTABILITY = YES;
				GCC_C_LANGUAGE_STANDARD = gnu11;
				GCC_DYNAMIC_NO_PIC = NO;
				GCC_NO_COMMON_BLOCKS = YES;
				GCC_OPTIMIZATION_LEVEL = 0;
				GCC_PREPROCESSOR_DEFINITIONS = (
					"DEBUG=1",
					"$(inherited)",
				);
				GCC_WARN_64_TO_32_BIT_CONVERSION = YES;
				GCC_WARN_ABOUT_RETURN_TYPE = YES_ERROR;
				GCC_WARN_UNDECLARED_SELECTOR = YES;
				GCC_WARN_UNINITIALIZED_AUTOS = YES_AGGRESSIVE;
				GCC_WARN_UNUSED_FUNCTION = YES;
				GCC_WARN_UNUSED_VARIABLE = YES;
				IPHONEOS_DEPLOYMENT_TARGET = 16.0;
				MTL_ENABLE_DEBUG_INFO = INCLUDE_SOURCE;
				MTL_FAST_MATH = YES;
				ONLY_ACTIVE_ARCH = YES;
				SDKROOT = iphoneos;
				SWIFT_ACTIVE_COMPILATION_CONDITIONS = DEBUG;
				SWIFT_OPTIMIZATION_LEVEL = "-Onone";
			};
			name = Debug;
		};
		A1A540E928EE58C000369AFD /* Release */ = {
			isa = XCBuildConfiguration;
			buildSettings = {
				ALWAYS_SEARCH_USER_PATHS = NO;
				CLANG_ANALYZER_NONNULL = YES;
				CLANG_ANALYZER_NUMBER_OBJECT_CONVERSION = YES_AGGRESSIVE;
				CLANG_CXX_LANGUAGE_STANDARD = "gnu++20";
				CLANG_ENABLE_MODULES = YES;
				CLANG_ENABLE_OBJC_ARC = YES;
				CLANG_ENABLE_OBJC_WEAK = YES;
				CLANG_WARN_BLOCK_CAPTURE_AUTORELEASING = YES;
				CLANG_WARN_BOOL_CONVERSION = YES;
				CLANG_WARN_COMMA = YES;
				CLANG_WARN_CONSTANT_CONVERSION = YES;
				CLANG_WARN_DEPRECATED_OBJC_IMPLEMENTATIONS = YES;
				CLANG_WARN_DIRECT_OBJC_ISA_USAGE = YES_ERROR;
				CLANG_WARN_DOCUMENTATION_COMMENTS = YES;
				CLANG_WARN_EMPTY_BODY = YES;
				CLANG_WARN_ENUM_CONVERSION = YES;
				CLANG_WARN_INFINITE_RECURSION = YES;
				CLANG_WARN_INT_CONVERSION = YES;
				CLANG_WARN_NON_LITERAL_NULL_CONVERSION = YES;
				CLANG_WARN_OBJC_IMPLICIT_RETAIN_SELF = YES;
				CLANG_WARN_OBJC_LITERAL_CONVERSION = YES;
				CLANG_WARN_OBJC_ROOT_CLASS = YES_ERROR;
				CLANG_WARN_QUOTED_INCLUDE_IN_FRAMEWORK_HEADER = YES;
				CLANG_WARN_RANGE_LOOP_ANALYSIS = YES;
				CLANG_WARN_STRICT_PROTOTYPES = YES;
				CLANG_WARN_SUSPICIOUS_MOVE = YES;
				CLANG_WARN_UNGUARDED_AVAILABILITY = YES_AGGRESSIVE;
				CLANG_WARN_UNREACHABLE_CODE = YES;
				CLANG_WARN__DUPLICATE_METHOD_MATCH = YES;
				COPY_PHASE_STRIP = NO;
				DEBUG_INFORMATION_FORMAT = "dwarf-with-dsym";
				ENABLE_NS_ASSERTIONS = NO;
				ENABLE_STRICT_OBJC_MSGSEND = YES;
				GCC_C_LANGUAGE_STANDARD = gnu11;
				GCC_NO_COMMON_BLOCKS = YES;
				GCC_WARN_64_TO_32_BIT_CONVERSION = YES;
				GCC_WARN_ABOUT_RETURN_TYPE = YES_ERROR;
				GCC_WARN_UNDECLARED_SELECTOR = YES;
				GCC_WARN_UNINITIALIZED_AUTOS = YES_AGGRESSIVE;
				GCC_WARN_UNUSED_FUNCTION = YES;
				GCC_WARN_UNUSED_VARIABLE = YES;
				IPHONEOS_DEPLOYMENT_TARGET = 16.0;
				MTL_ENABLE_DEBUG_INFO = NO;
				MTL_FAST_MATH = YES;
				SDKROOT = iphoneos;
				SWIFT_COMPILATION_MODE = wholemodule;
				SWIFT_OPTIMIZATION_LEVEL = "-O";
				VALIDATE_PRODUCT = YES;
			};
			name = Release;
		};
		A1A540EB28EE58C000369AFD /* Debug */ = {
			isa = XCBuildConfiguration;
			buildSettings = {
				ASSETCATALOG_COMPILER_APPICON_NAME = AppIcon;
				ASSETCATALOG_COMPILER_GLOBAL_ACCENT_COLOR_NAME = AccentColor;
				CODE_SIGN_STYLE = Automatic;
				CURRENT_PROJECT_VERSION = 1;
				DEVELOPMENT_TEAM = WHCBWLCWQ4;
				GENERATE_INFOPLIST_FILE = YES;
				INFOPLIST_FILE = RecipesDB/Resources/Info.plist;
				INFOPLIST_KEY_UIApplicationSupportsIndirectInputEvents = YES;
				INFOPLIST_KEY_UILaunchStoryboardName = LaunchScreen;
				INFOPLIST_KEY_UIMainStoryboardFile = Main;
				INFOPLIST_KEY_UISupportedInterfaceOrientations_iPad = "UIInterfaceOrientationPortrait UIInterfaceOrientationPortraitUpsideDown UIInterfaceOrientationLandscapeLeft UIInterfaceOrientationLandscapeRight";
				INFOPLIST_KEY_UISupportedInterfaceOrientations_iPhone = "UIInterfaceOrientationPortrait UIInterfaceOrientationLandscapeLeft UIInterfaceOrientationLandscapeRight";
				LD_RUNPATH_SEARCH_PATHS = (
					"$(inherited)",
					"@executable_path/Frameworks",
				);
				MARKETING_VERSION = 1.0;
				PRODUCT_BUNDLE_IDENTIFIER = com.matheusfoliveira.RecipesDB;
				PRODUCT_NAME = "$(TARGET_NAME)";
				SWIFT_EMIT_LOC_STRINGS = YES;
				SWIFT_VERSION = 5.0;
				TARGETED_DEVICE_FAMILY = "1,2";
			};
			name = Debug;
		};
		A1A540EC28EE58C000369AFD /* Release */ = {
			isa = XCBuildConfiguration;
			buildSettings = {
				ASSETCATALOG_COMPILER_APPICON_NAME = AppIcon;
				ASSETCATALOG_COMPILER_GLOBAL_ACCENT_COLOR_NAME = AccentColor;
				CODE_SIGN_STYLE = Automatic;
				CURRENT_PROJECT_VERSION = 1;
				DEVELOPMENT_TEAM = WHCBWLCWQ4;
				GENERATE_INFOPLIST_FILE = YES;
				INFOPLIST_FILE = RecipesDB/Resources/Info.plist;
				INFOPLIST_KEY_UIApplicationSupportsIndirectInputEvents = YES;
				INFOPLIST_KEY_UILaunchStoryboardName = LaunchScreen;
				INFOPLIST_KEY_UIMainStoryboardFile = Main;
				INFOPLIST_KEY_UISupportedInterfaceOrientations_iPad = "UIInterfaceOrientationPortrait UIInterfaceOrientationPortraitUpsideDown UIInterfaceOrientationLandscapeLeft UIInterfaceOrientationLandscapeRight";
				INFOPLIST_KEY_UISupportedInterfaceOrientations_iPhone = "UIInterfaceOrientationPortrait UIInterfaceOrientationLandscapeLeft UIInterfaceOrientationLandscapeRight";
				LD_RUNPATH_SEARCH_PATHS = (
					"$(inherited)",
					"@executable_path/Frameworks",
				);
				MARKETING_VERSION = 1.0;
				PRODUCT_BUNDLE_IDENTIFIER = com.matheusfoliveira.RecipesDB;
				PRODUCT_NAME = "$(TARGET_NAME)";
				SWIFT_EMIT_LOC_STRINGS = YES;
				SWIFT_VERSION = 5.0;
				TARGETED_DEVICE_FAMILY = "1,2";
			};
			name = Release;
		};
/* End XCBuildConfiguration section */

/* Begin XCConfigurationList section */
		A1A540D128EE58BF00369AFD /* Build configuration list for PBXProject "RecipesDB" */ = {
			isa = XCConfigurationList;
			buildConfigurations = (
				A1A540E828EE58C000369AFD /* Debug */,
				A1A540E928EE58C000369AFD /* Release */,
			);
			defaultConfigurationIsVisible = 0;
			defaultConfigurationName = Release;
		};
		A1A540EA28EE58C000369AFD /* Build configuration list for PBXNativeTarget "RecipesDB" */ = {
			isa = XCConfigurationList;
			buildConfigurations = (
				A1A540EB28EE58C000369AFD /* Debug */,
				A1A540EC28EE58C000369AFD /* Release */,
			);
			defaultConfigurationIsVisible = 0;
			defaultConfigurationName = Release;
		};
/* End XCConfigurationList section */
	};
	rootObject = A1A540CE28EE58BF00369AFD /* Project object */;
}
